
Microsoft Visual Studio Solution File, Format Version 12.00
# Visual Studio 15
VisualStudioVersion = 15.0.28307.136
MinimumVisualStudioVersion = 10.0.40219.1
Project("{2150E333-8FDC-42A3-9474-1A3956D46DE8}") = "src", "src", "{28B41F3F-19E6-4598-B1A7-70CF2BAD5097}"
EndProject
Project("{2150E333-8FDC-42A3-9474-1A3956D46DE8}") = "Services", "Services", "{401557F7-39BB-4A37-A06E-4C5084E997B1}"
EndProject
Project("{2150E333-8FDC-42A3-9474-1A3956D46DE8}") = "Web", "Web", "{77786037-8DBF-4915-AFEC-A21521C07407}"
EndProject
Project("{FAE04EC0-301F-11D3-BF4B-00C04F79EFBC}") = "ProductCatalog.API", "ProductCatalog.API\ProductCatalog.API.csproj", "{B229B7EA-9581-4753-A91D-A97B41323C27}"
EndProject
Global
	GlobalSection(SolutionConfigurationPlatforms) = preSolution
		Debug|Any CPU = Debug|Any CPU
		Release|Any CPU = Release|Any CPU
	EndGlobalSection
	GlobalSection(ProjectConfigurationPlatforms) = postSolution
		{B229B7EA-9581-4753-A91D-A97B41323C27}.Debug|Any CPU.ActiveCfg = Debug|Any CPU
		{B229B7EA-9581-4753-A91D-A97B41323C27}.Debug|Any CPU.Build.0 = Debug|Any CPU
		{B229B7EA-9581-4753-A91D-A97B41323C27}.Release|Any CPU.ActiveCfg = Release|Any CPU
		{B229B7EA-9581-4753-A91D-A97B41323C27}.Release|Any CPU.Build.0 = Release|Any CPU
	EndGlobalSection
	GlobalSection(SolutionProperties) = preSolution
		HideSolutionNode = FALSE
	EndGlobalSection
	GlobalSection(NestedProjects) = preSolution
		{401557F7-39BB-4A37-A06E-4C5084E997B1} = {28B41F3F-19E6-4598-B1A7-70CF2BAD5097}
		{77786037-8DBF-4915-AFEC-A21521C07407} = {28B41F3F-19E6-4598-B1A7-70CF2BAD5097}
		{B229B7EA-9581-4753-A91D-A97B41323C27} = {401557F7-39BB-4A37-A06E-4C5084E997B1}
	EndGlobalSection
	GlobalSection(ExtensibilityGlobals) = postSolution
		SolutionGuid = {9B8718A4-127F-4932-8E36-21D6A4D49B0F}
	EndGlobalSection
EndGlobal
